<?xml version="1.0" encoding="utf-8"?>
<Project ToolsVersion="4.0" xmlns="http://schemas.microsoft.com/developer/msbuild/2003">
  <ItemGroup>
    <Filter Include="소스 파일">
      <UniqueIdentifier>{4FC737F1-C7A5-4376-A066-2A32D752A2FF}</UniqueIdentifier>
      <Extensions>cpp;c;cc;cxx;def;odl;idl;hpj;bat;asm;asmx</Extensions>
    </Filter>
    <Filter Include="헤더 파일">
      <UniqueIdentifier>{93995380-89BD-4b04-88EB-625FBE52EBFB}</UniqueIdentifier>
      <Extensions>h;hh;hpp;hxx;hm;inl;inc;xsd</Extensions>
    </Filter>
    <Filter Include="리소스 파일">
      <UniqueIdentifier>{67DA6AB6-F800-4c08-8B7A-83BB121AAD01}</UniqueIdentifier>
      <Extensions>rc;ico;cur;bmp;dlg;rc2;rct;bin;rgs;gif;jpg;jpeg;jpe;resx;tiff;tif;png;wav;mfcribbon-ms</Extensions>
    </Filter>
    <Filter Include="libjpeg">
      <UniqueIdentifier>{d8a2a51b-1678-4175-ad65-ef7c7ddba11b}</UniqueIdentifier>
    </Filter>
    <Filter Include="소스 파일\NewFilter1">
      <UniqueIdentifier>{57f9930a-ef6b-4133-9a37-3c67bfcb646f}</UniqueIdentifier>
    </Filter>
  </ItemGroup>
  <ItemGroup>
    <Text Include="ReadMe.txt" />
  </ItemGroup>
  <ItemGroup>
    <ClCompile Include="..\source.cpp">
      <Filter>소스 파일</Filter>
    </ClCompile>
    <ClCompile Include="..\..\..\examples\face_landmark_detection_ex.cpp">
      <Filter>소스 파일</Filter>
    </ClCompile>
    <ClCompile Include="..\..\external\libjpeg\jcapimin.cpp">
      <Filter>libjpeg</Filter>
    </ClCompile>
    <ClCompile Include="..\..\external\libjpeg\jcapistd.cpp">
      <Filter>libjpeg</Filter>
    </ClCompile>
    <ClCompile Include="..\..\external\libjpeg\jccoefct.cpp">
      <Filter>libjpeg</Filter>
    </ClCompile>
    <ClCompile Include="..\..\external\libjpeg\jccolor.cpp">
      <Filter>libjpeg</Filter>
    </ClCompile>
    <ClCompile Include="..\..\external\libjpeg\jcdctmgr.cpp">
      <Filter>libjpeg</Filter>
    </ClCompile>
    <ClCompile Include="..\..\external\libjpeg\jchuff.cpp">
      <Filter>libjpeg</Filter>
    </ClCompile>
    <ClCompile Include="..\..\external\libjpeg\jcinit.cpp">
      <Filter>libjpeg</Filter>
    </ClCompile>
    <ClCompile Include="..\..\external\libjpeg\jcmainct.cpp">
      <Filter>libjpeg</Filter>
    </ClCompile>
    <ClCompile Include="..\..\external\libjpeg\jcmarker.cpp">
      <Filter>libjpeg</Filter>
    </ClCompile>
    <ClCompile Include="..\..\external\libjpeg\jcmaster.cpp">
      <Filter>libjpeg</Filter>
    </ClCompile>
    <ClCompile Include="..\..\external\libjpeg\jcomapi.cpp">
      <Filter>libjpeg</Filter>
    </ClCompile>
    <ClCompile Include="..\..\external\libjpeg\jcparam.cpp">
      <Filter>libjpeg</Filter>
    </ClCompile>
    <ClCompile Include="..\..\external\libjpeg\jcphuff.cpp">
      <Filter>libjpeg</Filter>
    </ClCompile>
    <ClCompile Include="..\..\external\libjpeg\jcprepct.cpp">
      <Filter>libjpeg</Filter>
    </ClCompile>
    <ClCompile Include="..\..\external\libjpeg\jcsample.cpp">
      <Filter>libjpeg</Filter>
    </ClCompile>
    <ClCompile Include="..\..\external\libjpeg\jdapimin.cpp">
      <Filter>libjpeg</Filter>
    </ClCompile>
    <ClCompile Include="..\..\external\libjpeg\jdapistd.cpp">
      <Filter>libjpeg</Filter>
    </ClCompile>
    <ClCompile Include="..\..\external\libjpeg\jdatadst.cpp">
      <Filter>libjpeg</Filter>
    </ClCompile>
    <ClCompile Include="..\..\external\libjpeg\jdatasrc.cpp">
      <Filter>libjpeg</Filter>
    </ClCompile>
    <ClCompile Include="..\..\external\libjpeg\jdcoefct.cpp">
      <Filter>libjpeg</Filter>
    </ClCompile>
    <ClCompile Include="..\..\external\libjpeg\jdcolor.cpp">
      <Filter>libjpeg</Filter>
    </ClCompile>
    <ClCompile Include="..\..\external\libjpeg\jddctmgr.cpp">
      <Filter>libjpeg</Filter>
    </ClCompile>
    <ClCompile Include="..\..\external\libjpeg\jdhuff.cpp">
      <Filter>libjpeg</Filter>
    </ClCompile>
    <ClCompile Include="..\..\external\libjpeg\jdinput.cpp">
      <Filter>libjpeg</Filter>
    </ClCompile>
    <ClCompile Include="..\..\external\libjpeg\jdmainct.cpp">
      <Filter>libjpeg</Filter>
    </ClCompile>
    <ClCompile Include="..\..\external\libjpeg\jdmarker.cpp">
      <Filter>libjpeg</Filter>
    </ClCompile>
    <ClCompile Include="..\..\external\libjpeg\jdmaster.cpp">
      <Filter>libjpeg</Filter>
    </ClCompile>
    <ClCompile Include="..\..\external\libjpeg\jdmerge.cpp">
      <Filter>libjpeg</Filter>
    </ClCompile>
    <ClCompile Include="..\..\external\libjpeg\jdphuff.cpp">
      <Filter>libjpeg</Filter>
    </ClCompile>
    <ClCompile Include="..\..\external\libjpeg\jdpostct.cpp">
      <Filter>libjpeg</Filter>
    </ClCompile>
    <ClCompile Include="..\..\external\libjpeg\jdsample.cpp">
      <Filter>libjpeg</Filter>
    </ClCompile>
    <ClCompile Include="..\..\external\libjpeg\jerror.cpp">
      <Filter>libjpeg</Filter>
    </ClCompile>
    <ClCompile Include="..\..\external\libjpeg\jfdctflt.cpp">
      <Filter>libjpeg</Filter>
    </ClCompile>
    <ClCompile Include="..\..\external\libjpeg\jfdctfst.cpp">
      <Filter>libjpeg</Filter>
    </ClCompile>
    <ClCompile Include="..\..\external\libjpeg\jfdctint.cpp">
      <Filter>libjpeg</Filter>
    </ClCompile>
    <ClCompile Include="..\..\external\libjpeg\jidctflt.cpp">
      <Filter>libjpeg</Filter>
    </ClCompile>
    <ClCompile Include="..\..\external\libjpeg\jidctfst.cpp">
      <Filter>libjpeg</Filter>
    </ClCompile>
    <ClCompile Include="..\..\external\libjpeg\jidctint.cpp">
      <Filter>libjpeg</Filter>
    </ClCompile>
    <ClCompile Include="..\..\external\libjpeg\jidctred.cpp">
      <Filter>libjpeg</Filter>
    </ClCompile>
    <ClCompile Include="..\..\external\libjpeg\jmemmgr.cpp">
      <Filter>libjpeg</Filter>
    </ClCompile>
    <ClCompile Include="..\..\external\libjpeg\jmemnobs.cpp">
      <Filter>libjpeg</Filter>
    </ClCompile>
    <ClCompile Include="..\..\external\libjpeg\jquant1.cpp">
      <Filter>libjpeg</Filter>
    </ClCompile>
    <ClCompile Include="..\..\external\libjpeg\jquant2.cpp">
      <Filter>libjpeg</Filter>
    </ClCompile>
    <ClCompile Include="..\..\external\libjpeg\jutils.cpp">
      <Filter>libjpeg</Filter>
    </ClCompile>
    <ClCompile Include="face_landmark_detection.cpp">
      <Filter>소스 파일</Filter>
    </ClCompile>
  </ItemGroup>
  <ItemGroup>
    <ClInclude Include="..\..\external\libjpeg\jchuff.h">
      <Filter>libjpeg</Filter>
    </ClInclude>
    <ClInclude Include="..\..\external\libjpeg\jconfig.h">
      <Filter>libjpeg</Filter>
    </ClInclude>
    <ClInclude Include="..\..\external\libjpeg\jdct.h">
      <Filter>libjpeg</Filter>
    </ClInclude>
    <ClInclude Include="..\..\external\libjpeg\jdhuff.h">
      <Filter>libjpeg</Filter>
    </ClInclude>
    <ClInclude Include="..\..\external\libjpeg\jerror.h">
      <Filter>libjpeg</Filter>
    </ClInclude>
    <ClInclude Include="..\..\external\libjpeg\jinclude.h">
      <Filter>libjpeg</Filter>
    </ClInclude>
    <ClInclude Include="..\..\external\libjpeg\jmemsys.h">
      <Filter>libjpeg</Filter>
    </ClInclude>
    <ClInclude Include="..\..\external\libjpeg\jmorecfg.h">
      <Filter>libjpeg</Filter>
    </ClInclude>
    <ClInclude Include="..\..\external\libjpeg\jpegint.h">
      <Filter>libjpeg</Filter>
    </ClInclude>
    <ClInclude Include="..\..\external\libjpeg\jpeglib.h">
      <Filter>libjpeg</Filter>
    </ClInclude>
    <ClInclude Include="..\..\external\libjpeg\jversion.h">
      <Filter>libjpeg</Filter>
    </ClInclude>
    <ClInclude Include="resource.h">
      <Filter>헤더 파일</Filter>
    </ClInclude>
    <ClInclude Include="face_landmark_detection.h">
      <Filter>헤더 파일</Filter>
    </ClInclude>
  </ItemGroup>
</Project>